{
  "name": "phin",
  "version": "3.2.0",
  "lockfileVersion": 1,
  "requires": true,
  "dependencies": {
    "centra": {
      "version": "2.2.1",
      "resolved": "https://registry.npmjs.org/centra/-/centra-2.2.1.tgz",
      "integrity": "sha512-CZn251LL3/mO+4yArW6PWsEqRiP4SgV+K/edBEdZ5R/48rjfuVwPd9bduW062U37i2Ywv8Kz/icg8tpJcuP60g=="
    },
    "whew": {
      "version": "1.1.3",
      "resolved": "https://registry.npmjs.org/whew/-/whew-1.1.3.tgz",
      "integrity": "sha512-o0IBwKhIIzctCRTUn+ELBcXmWZEzhppnus5NEMzd2m17OPEECox2ySQHrS9Xg7OPOQ7cvYZEM2C5TtKmw23G2g==",
      "dev": true
    }
  }
}
